
Microsoft Visual Studio Solution File, Format Version 12.00
# Visual Studio Version 17
VisualStudioVersion = 17.0.31912.275
MinimumVisualStudioVersion = 10.0.40219.1
Project("{FAE04EC0-301F-11D3-BF4B-00C04F79EFBC}") = "Avanade.GiftCards.Core", "Avanade.GiftCards.Core\Avanade.GiftCards.Core.csproj", "{01E103AE-3E59-4997-A3D8-13018474597F}"
EndProject
Project("{FAE04EC0-301F-11D3-BF4B-00C04F79EFBC}") = "Avanade.GiftCards.Mock", "Avanade.GiftCards.Mock\Avanade.GiftCards.Mock.csproj", "{89AF45A5-9D61-49C0-87BA-4A7997DB4E12}"
EndProject
Project("{FAE04EC0-301F-11D3-BF4B-00C04F79EFBC}") = "Avanade.GiftCards.WPF", "Avanade.GiftCards.WPF\Avanade.GiftCards.WPF.csproj", "{35357173-E61D-4504-99D6-BA294E471E16}"
EndProject
Global
	GlobalSection(SolutionConfigurationPlatforms) = preSolution
		Debug|Any CPU = Debug|Any CPU
		Release|Any CPU = Release|Any CPU
	EndGlobalSection
	GlobalSection(ProjectConfigurationPlatforms) = postSolution
		{01E103AE-3E59-4997-A3D8-13018474597F}.Debug|Any CPU.ActiveCfg = Debug|Any CPU
		{01E103AE-3E59-4997-A3D8-13018474597F}.Debug|Any CPU.Build.0 = Debug|Any CPU
		{01E103AE-3E59-4997-A3D8-13018474597F}.Release|Any CPU.ActiveCfg = Release|Any CPU
		{01E103AE-3E59-4997-A3D8-13018474597F}.Release|Any CPU.Build.0 = Release|Any CPU
		{89AF45A5-9D61-49C0-87BA-4A7997DB4E12}.Debug|Any CPU.ActiveCfg = Debug|Any CPU
		{89AF45A5-9D61-49C0-87BA-4A7997DB4E12}.Debug|Any CPU.Build.0 = Debug|Any CPU
		{89AF45A5-9D61-49C0-87BA-4A7997DB4E12}.Release|Any CPU.ActiveCfg = Release|Any CPU
		{89AF45A5-9D61-49C0-87BA-4A7997DB4E12}.Release|Any CPU.Build.0 = Release|Any CPU
		{35357173-E61D-4504-99D6-BA294E471E16}.Debug|Any CPU.ActiveCfg = Debug|Any CPU
		{35357173-E61D-4504-99D6-BA294E471E16}.Debug|Any CPU.Build.0 = Debug|Any CPU
		{35357173-E61D-4504-99D6-BA294E471E16}.Release|Any CPU.ActiveCfg = Release|Any CPU
		{35357173-E61D-4504-99D6-BA294E471E16}.Release|Any CPU.Build.0 = Release|Any CPU
	EndGlobalSection
	GlobalSection(SolutionProperties) = preSolution
		HideSolutionNode = FALSE
	EndGlobalSection
	GlobalSection(ExtensibilityGlobals) = postSolution
		SolutionGuid = {59AB445C-70A9-40BB-B7C9-1A226154830A}
	EndGlobalSection
EndGlobal
